
Microsoft Visual Studio Solution File, Format Version 12.00
# Visual Studio Version 16
VisualStudioVersion = 16.0.29613.14
MinimumVisualStudioVersion = 10.0.40219.1
Project("{FAE04EC0-301F-11D3-BF4B-00C04F79EFBC}") = "LeagueAutologin.Setup", "LeagueAutologin.Setup\LeagueAutologin.Setup.csproj", "{D5F44B54-6A98-4B63-8FEC-EA90F32EC240}"
EndProject
Project("{FAE04EC0-301F-11D3-BF4B-00C04F79EFBC}") = "LeagueAutologin.Extension", "LeagueAutologin.Extension\LeagueAutologin.Extension.csproj", "{E6723669-0418-4F73-BF14-BAC47B4A373C}"
EndProject
Project("{FAE04EC0-301F-11D3-BF4B-00C04F79EFBC}") = "LeagueAutologin.Accounts", "LeagueAutologin.Accounts\LeagueAutologin.Accounts.csproj", "{6F45F73C-4B10-4912-93F5-1AD909BD1E56}"
EndProject
Global
	GlobalSection(SolutionConfigurationPlatforms) = preSolution
		Debug|Any CPU = Debug|Any CPU
		Release|Any CPU = Release|Any CPU
	EndGlobalSection
	GlobalSection(ProjectConfigurationPlatforms) = postSolution
		{D5F44B54-6A98-4B63-8FEC-EA90F32EC240}.Debug|Any CPU.ActiveCfg = Debug|Any CPU
		{D5F44B54-6A98-4B63-8FEC-EA90F32EC240}.Debug|Any CPU.Build.0 = Debug|Any CPU
		{D5F44B54-6A98-4B63-8FEC-EA90F32EC240}.Release|Any CPU.ActiveCfg = Release|Any CPU
		{D5F44B54-6A98-4B63-8FEC-EA90F32EC240}.Release|Any CPU.Build.0 = Release|Any CPU
		{E6723669-0418-4F73-BF14-BAC47B4A373C}.Debug|Any CPU.ActiveCfg = Debug|Any CPU
		{E6723669-0418-4F73-BF14-BAC47B4A373C}.Debug|Any CPU.Build.0 = Debug|Any CPU
		{E6723669-0418-4F73-BF14-BAC47B4A373C}.Release|Any CPU.ActiveCfg = Release|Any CPU
		{E6723669-0418-4F73-BF14-BAC47B4A373C}.Release|Any CPU.Build.0 = Release|Any CPU
		{6F45F73C-4B10-4912-93F5-1AD909BD1E56}.Debug|Any CPU.ActiveCfg = Debug|Any CPU
		{6F45F73C-4B10-4912-93F5-1AD909BD1E56}.Debug|Any CPU.Build.0 = Debug|Any CPU
		{6F45F73C-4B10-4912-93F5-1AD909BD1E56}.Release|Any CPU.ActiveCfg = Release|Any CPU
		{6F45F73C-4B10-4912-93F5-1AD909BD1E56}.Release|Any CPU.Build.0 = Release|Any CPU
	EndGlobalSection
	GlobalSection(SolutionProperties) = preSolution
		HideSolutionNode = FALSE
	EndGlobalSection
	GlobalSection(ExtensibilityGlobals) = postSolution
		SolutionGuid = {FCFFA0AB-18C5-4BB4-A378-A41F6A9DFEF8}
	EndGlobalSection
EndGlobal
